
Microsoft Visual Studio Solution File, Format Version 12.00
# Visual Studio Version 17
VisualStudioVersion = 17.8.34330.188
MinimumVisualStudioVersion = 10.0.40219.1
Project("{FAE04EC0-301F-11D3-BF4B-00C04F79EFBC}") = "Projekat poligon Lenka", "Projekat poligon Lenka\Projekat poligon Lenka.csproj", "{543DFAB6-1211-478A-A0DF-8B7C957C049E}"
EndProject
Global
	GlobalSection(SolutionConfigurationPlatforms) = preSolution
		Debug|Any CPU = Debug|Any CPU
		Release|Any CPU = Release|Any CPU
	EndGlobalSection
	GlobalSection(ProjectConfigurationPlatforms) = postSolution
		{543DFAB6-1211-478A-A0DF-8B7C957C049E}.Debug|Any CPU.ActiveCfg = Debug|Any CPU
		{543DFAB6-1211-478A-A0DF-8B7C957C049E}.Debug|Any CPU.Build.0 = Debug|Any CPU
		{543DFAB6-1211-478A-A0DF-8B7C957C049E}.Release|Any CPU.ActiveCfg = Release|Any CPU
		{543DFAB6-1211-478A-A0DF-8B7C957C049E}.Release|Any CPU.Build.0 = Release|Any CPU
	EndGlobalSection
	GlobalSection(SolutionProperties) = preSolution
		HideSolutionNode = FALSE
	EndGlobalSection
	GlobalSection(ExtensibilityGlobals) = postSolution
		SolutionGuid = {FA253862-3448-40AC-ACDC-AAE0059F27CF}
	EndGlobalSection
EndGlobal
